
Microsoft Visual Studio Solution File, Format Version 12.00
# Visual Studio 15
VisualStudioVersion = 15.0.26228.9
MinimumVisualStudioVersion = 10.0.40219.1
Project("{FAE04EC0-301F-11D3-BF4B-00C04F79EFBC}") = "Tearc.CrawlingBot", "Tearc.CrawlingBot\Tearc.CrawlingBot.csproj", "{42184EC5-826E-4568-BEEC-D4CB7DDF8E68}"
EndProject
Project("{2150E333-8FDC-42A3-9474-1A3956D46DE8}") = "Repo", "Repo", "{599045CF-EEC6-4EF1-B6CC-06CA90496DAD}"
EndProject
Project("{FAE04EC0-301F-11D3-BF4B-00C04F79EFBC}") = "Tearc.Data", "Tearc.Data\Tearc.Data.csproj", "{7BF99CDD-A29E-4110-AE83-35C5929FDF74}"
EndProject
Project("{FAE04EC0-301F-11D3-BF4B-00C04F79EFBC}") = "Tearc.Repository", "Tearc.Repository\Tearc.Repository.csproj", "{15E2F806-8321-466E-B3D2-760D72BDD3B0}"
EndProject
Project("{2150E333-8FDC-42A3-9474-1A3956D46DE8}") = "Bootstrapper", "Bootstrapper", "{98109BCF-30F7-4F16-B118-0BAFF83E36BD}"
EndProject
Project("{FAE04EC0-301F-11D3-BF4B-00C04F79EFBC}") = "Tearc.Bootstrapper", "Tearc.Bootstrapper\Tearc.Bootstrapper.csproj", "{AE6D4ABD-B720-4760-8966-6BA53A1F710C}"
EndProject
Project("{FAE04EC0-301F-11D3-BF4B-00C04F79EFBC}") = "Tearc.ScrapingBot", "Tearc.ScrapingBot\Tearc.ScrapingBot.csproj", "{DBBE68C5-3D58-42DF-A1DD-98EC9F4CC49A}"
EndProject
Global
	GlobalSection(SolutionConfigurationPlatforms) = preSolution
		Debug|Any CPU = Debug|Any CPU
		Release|Any CPU = Release|Any CPU
	EndGlobalSection
	GlobalSection(ProjectConfigurationPlatforms) = postSolution
		{42184EC5-826E-4568-BEEC-D4CB7DDF8E68}.Debug|Any CPU.ActiveCfg = Debug|Any CPU
		{42184EC5-826E-4568-BEEC-D4CB7DDF8E68}.Debug|Any CPU.Build.0 = Debug|Any CPU
		{42184EC5-826E-4568-BEEC-D4CB7DDF8E68}.Release|Any CPU.ActiveCfg = Release|Any CPU
		{42184EC5-826E-4568-BEEC-D4CB7DDF8E68}.Release|Any CPU.Build.0 = Release|Any CPU
		{7BF99CDD-A29E-4110-AE83-35C5929FDF74}.Debug|Any CPU.ActiveCfg = Debug|Any CPU
		{7BF99CDD-A29E-4110-AE83-35C5929FDF74}.Debug|Any CPU.Build.0 = Debug|Any CPU
		{7BF99CDD-A29E-4110-AE83-35C5929FDF74}.Release|Any CPU.ActiveCfg = Release|Any CPU
		{7BF99CDD-A29E-4110-AE83-35C5929FDF74}.Release|Any CPU.Build.0 = Release|Any CPU
		{15E2F806-8321-466E-B3D2-760D72BDD3B0}.Debug|Any CPU.ActiveCfg = Debug|Any CPU
		{15E2F806-8321-466E-B3D2-760D72BDD3B0}.Debug|Any CPU.Build.0 = Debug|Any CPU
		{15E2F806-8321-466E-B3D2-760D72BDD3B0}.Release|Any CPU.ActiveCfg = Release|Any CPU
		{15E2F806-8321-466E-B3D2-760D72BDD3B0}.Release|Any CPU.Build.0 = Release|Any CPU
		{AE6D4ABD-B720-4760-8966-6BA53A1F710C}.Debug|Any CPU.ActiveCfg = Debug|Any CPU
		{AE6D4ABD-B720-4760-8966-6BA53A1F710C}.Debug|Any CPU.Build.0 = Debug|Any CPU
		{AE6D4ABD-B720-4760-8966-6BA53A1F710C}.Release|Any CPU.ActiveCfg = Release|Any CPU
		{AE6D4ABD-B720-4760-8966-6BA53A1F710C}.Release|Any CPU.Build.0 = Release|Any CPU
		{DBBE68C5-3D58-42DF-A1DD-98EC9F4CC49A}.Debug|Any CPU.ActiveCfg = Debug|Any CPU
		{DBBE68C5-3D58-42DF-A1DD-98EC9F4CC49A}.Debug|Any CPU.Build.0 = Debug|Any CPU
		{DBBE68C5-3D58-42DF-A1DD-98EC9F4CC49A}.Release|Any CPU.ActiveCfg = Release|Any CPU
		{DBBE68C5-3D58-42DF-A1DD-98EC9F4CC49A}.Release|Any CPU.Build.0 = Release|Any CPU
	EndGlobalSection
	GlobalSection(SolutionProperties) = preSolution
		HideSolutionNode = FALSE
	EndGlobalSection
	GlobalSection(NestedProjects) = preSolution
		{7BF99CDD-A29E-4110-AE83-35C5929FDF74} = {599045CF-EEC6-4EF1-B6CC-06CA90496DAD}
		{15E2F806-8321-466E-B3D2-760D72BDD3B0} = {599045CF-EEC6-4EF1-B6CC-06CA90496DAD}
		{AE6D4ABD-B720-4760-8966-6BA53A1F710C} = {98109BCF-30F7-4F16-B118-0BAFF83E36BD}
	EndGlobalSection
EndGlobal
