
Microsoft Visual Studio Solution File, Format Version 12.00
# Visual Studio 15
VisualStudioVersion = 15.0.26228.9
MinimumVisualStudioVersion = 10.0.40219.1
Project("{FAE04EC0-301F-11D3-BF4B-00C04F79EFBC}") = "Tearc.WebAPI", "Tearc.WebAPI\Tearc.WebAPI.csproj", "{9D6E6D6D-F473-4FEE-9E13-E24DF8FC1D22}"
EndProject
Project("{FAE04EC0-301F-11D3-BF4B-00C04F79EFBC}") = "Tearc.Repository", "Tearc.Repository\Tearc.Repository.csproj", "{08E2D750-2A44-43D2-9D0D-DDEE64B28DB4}"
EndProject
Project("{FAE04EC0-301F-11D3-BF4B-00C04F79EFBC}") = "Tearc.Resource", "Tearc.Resource\Tearc.Resource.csproj", "{2D7CCB5E-1732-41AE-A86E-76ED6E025780}"
EndProject
Project("{FAE04EC0-301F-11D3-BF4B-00C04F79EFBC}") = "Tearc.Service", "Tearc.Service\Tearc.Service.csproj", "{A795B22E-B60B-4AF3-8FF8-8D73229DF4C2}"
EndProject
Project("{FAE04EC0-301F-11D3-BF4B-00C04F79EFBC}") = "Tearc.Core", "Tearc.Core\Tearc.Core.csproj", "{F6DE74B4-7219-498E-9A77-2972563A5C63}"
EndProject
Project("{FAE04EC0-301F-11D3-BF4B-00C04F79EFBC}") = "Tearc.Data", "Tearc.Data\Tearc.Data.csproj", "{F39ED974-2ABC-49C8-93DE-C54A26D08135}"
EndProject
Project("{FAE04EC0-301F-11D3-BF4B-00C04F79EFBC}") = "Tearc.Web", "Tearc.Web\Tearc.Web.csproj", "{6AD00D7A-5DF6-47E8-8B4A-752A9937C1E8}"
EndProject
Project("{FAE04EC0-301F-11D3-BF4B-00C04F79EFBC}") = "Tearc.XTest", "Tearc.XTest\Tearc.XTest.csproj", "{2B81BA90-28D4-44F9-A2E6-8E6BFDB99860}"
EndProject
Project("{FAE04EC0-301F-11D3-BF4B-00C04F79EFBC}") = "Tearc.Test", "Tearc.Test\Tearc.Test.csproj", "{1A60A594-8BA1-4F93-99B0-5AC2699BFBD3}"
EndProject
Project("{FAE04EC0-301F-11D3-BF4B-00C04F79EFBC}") = "Tearc.SPA", "Tearc.SPA\Tearc.SPA.csproj", "{57B8E30C-23A8-4D44-A9E3-7FF8FCCEB903}"
EndProject
Project("{FAE04EC0-301F-11D3-BF4B-00C04F79EFBC}") = "Tearc.ViewModels", "Tearc.ViewModels\Tearc.ViewModels.csproj", "{309B05C0-350C-49BA-8CD2-7C49971F80A9}"
EndProject
Global
	GlobalSection(SolutionConfigurationPlatforms) = preSolution
		Debug|Any CPU = Debug|Any CPU
		Release|Any CPU = Release|Any CPU
	EndGlobalSection
	GlobalSection(ProjectConfigurationPlatforms) = postSolution
		{9D6E6D6D-F473-4FEE-9E13-E24DF8FC1D22}.Debug|Any CPU.ActiveCfg = Debug|Any CPU
		{9D6E6D6D-F473-4FEE-9E13-E24DF8FC1D22}.Debug|Any CPU.Build.0 = Debug|Any CPU
		{9D6E6D6D-F473-4FEE-9E13-E24DF8FC1D22}.Release|Any CPU.ActiveCfg = Release|Any CPU
		{9D6E6D6D-F473-4FEE-9E13-E24DF8FC1D22}.Release|Any CPU.Build.0 = Release|Any CPU
		{08E2D750-2A44-43D2-9D0D-DDEE64B28DB4}.Debug|Any CPU.ActiveCfg = Debug|Any CPU
		{08E2D750-2A44-43D2-9D0D-DDEE64B28DB4}.Debug|Any CPU.Build.0 = Debug|Any CPU
		{08E2D750-2A44-43D2-9D0D-DDEE64B28DB4}.Release|Any CPU.ActiveCfg = Release|Any CPU
		{08E2D750-2A44-43D2-9D0D-DDEE64B28DB4}.Release|Any CPU.Build.0 = Release|Any CPU
		{2D7CCB5E-1732-41AE-A86E-76ED6E025780}.Debug|Any CPU.ActiveCfg = Debug|Any CPU
		{2D7CCB5E-1732-41AE-A86E-76ED6E025780}.Debug|Any CPU.Build.0 = Debug|Any CPU
		{2D7CCB5E-1732-41AE-A86E-76ED6E025780}.Release|Any CPU.ActiveCfg = Release|Any CPU
		{2D7CCB5E-1732-41AE-A86E-76ED6E025780}.Release|Any CPU.Build.0 = Release|Any CPU
		{A795B22E-B60B-4AF3-8FF8-8D73229DF4C2}.Debug|Any CPU.ActiveCfg = Debug|Any CPU
		{A795B22E-B60B-4AF3-8FF8-8D73229DF4C2}.Debug|Any CPU.Build.0 = Debug|Any CPU
		{A795B22E-B60B-4AF3-8FF8-8D73229DF4C2}.Release|Any CPU.ActiveCfg = Release|Any CPU
		{A795B22E-B60B-4AF3-8FF8-8D73229DF4C2}.Release|Any CPU.Build.0 = Release|Any CPU
		{F6DE74B4-7219-498E-9A77-2972563A5C63}.Debug|Any CPU.ActiveCfg = Debug|Any CPU
		{F6DE74B4-7219-498E-9A77-2972563A5C63}.Debug|Any CPU.Build.0 = Debug|Any CPU
		{F6DE74B4-7219-498E-9A77-2972563A5C63}.Release|Any CPU.ActiveCfg = Release|Any CPU
		{F6DE74B4-7219-498E-9A77-2972563A5C63}.Release|Any CPU.Build.0 = Release|Any CPU
		{F39ED974-2ABC-49C8-93DE-C54A26D08135}.Debug|Any CPU.ActiveCfg = Debug|Any CPU
		{F39ED974-2ABC-49C8-93DE-C54A26D08135}.Debug|Any CPU.Build.0 = Debug|Any CPU
		{F39ED974-2ABC-49C8-93DE-C54A26D08135}.Release|Any CPU.ActiveCfg = Release|Any CPU
		{F39ED974-2ABC-49C8-93DE-C54A26D08135}.Release|Any CPU.Build.0 = Release|Any CPU
		{6AD00D7A-5DF6-47E8-8B4A-752A9937C1E8}.Debug|Any CPU.ActiveCfg = Debug|Any CPU
		{6AD00D7A-5DF6-47E8-8B4A-752A9937C1E8}.Debug|Any CPU.Build.0 = Debug|Any CPU
		{6AD00D7A-5DF6-47E8-8B4A-752A9937C1E8}.Release|Any CPU.ActiveCfg = Release|Any CPU
		{6AD00D7A-5DF6-47E8-8B4A-752A9937C1E8}.Release|Any CPU.Build.0 = Release|Any CPU
		{2B81BA90-28D4-44F9-A2E6-8E6BFDB99860}.Debug|Any CPU.ActiveCfg = Debug|Any CPU
		{2B81BA90-28D4-44F9-A2E6-8E6BFDB99860}.Debug|Any CPU.Build.0 = Debug|Any CPU
		{2B81BA90-28D4-44F9-A2E6-8E6BFDB99860}.Release|Any CPU.ActiveCfg = Release|Any CPU
		{2B81BA90-28D4-44F9-A2E6-8E6BFDB99860}.Release|Any CPU.Build.0 = Release|Any CPU
		{1A60A594-8BA1-4F93-99B0-5AC2699BFBD3}.Debug|Any CPU.ActiveCfg = Debug|Any CPU
		{1A60A594-8BA1-4F93-99B0-5AC2699BFBD3}.Debug|Any CPU.Build.0 = Debug|Any CPU
		{1A60A594-8BA1-4F93-99B0-5AC2699BFBD3}.Release|Any CPU.ActiveCfg = Release|Any CPU
		{1A60A594-8BA1-4F93-99B0-5AC2699BFBD3}.Release|Any CPU.Build.0 = Release|Any CPU
		{57B8E30C-23A8-4D44-A9E3-7FF8FCCEB903}.Debug|Any CPU.ActiveCfg = Debug|Any CPU
		{57B8E30C-23A8-4D44-A9E3-7FF8FCCEB903}.Debug|Any CPU.Build.0 = Debug|Any CPU
		{57B8E30C-23A8-4D44-A9E3-7FF8FCCEB903}.Release|Any CPU.ActiveCfg = Release|Any CPU
		{57B8E30C-23A8-4D44-A9E3-7FF8FCCEB903}.Release|Any CPU.Build.0 = Release|Any CPU
		{309B05C0-350C-49BA-8CD2-7C49971F80A9}.Debug|Any CPU.ActiveCfg = Debug|Any CPU
		{309B05C0-350C-49BA-8CD2-7C49971F80A9}.Debug|Any CPU.Build.0 = Debug|Any CPU
		{309B05C0-350C-49BA-8CD2-7C49971F80A9}.Release|Any CPU.ActiveCfg = Release|Any CPU
		{309B05C0-350C-49BA-8CD2-7C49971F80A9}.Release|Any CPU.Build.0 = Release|Any CPU
	EndGlobalSection
	GlobalSection(SolutionProperties) = preSolution
		HideSolutionNode = FALSE
	EndGlobalSection
EndGlobal
