
Microsoft Visual Studio Solution File, Format Version 12.00
# Visual Studio 14
VisualStudioVersion = 14.0.25420.1
MinimumVisualStudioVersion = 10.0.40219.1
Project("{FAE04EC0-301F-11D3-BF4B-00C04F79EFBC}") = "88Studio.Web", "88Studio.Web\88Studio.Web.csproj", "{4AC0A714-EE17-40E5-8F13-B024F328B6D4}"
EndProject
Project("{2150E333-8FDC-42A3-9474-1A3956D46DE8}") = "Bootstrapper", "Bootstrapper", "{B67A56F4-70A8-4547-AF50-2A8AFF6EC566}"
EndProject
Project("{2150E333-8FDC-42A3-9474-1A3956D46DE8}") = "Data", "Data", "{23B89A60-748B-4D25-8B1B-D3586A0407A6}"
EndProject
Project("{2150E333-8FDC-42A3-9474-1A3956D46DE8}") = "Service", "Service", "{46C64643-F609-444F-A6A5-BFF75D9DE29F}"
EndProject
Project("{2150E333-8FDC-42A3-9474-1A3956D46DE8}") = "Utils", "Utils", "{207260C0-FB27-47E6-8359-582585789FBA}"
EndProject
Project("{FAE04EC0-301F-11D3-BF4B-00C04F79EFBC}") = "BGP.Utils.CacheManager", "..\Backup\BELGIUM\trunk\code\BGP.Web\BGP.Utils.CacheManager\BGP.Utils.CacheManager.csproj", "{5FC85296-94E5-4DDA-A352-3AF5A64D4C6F}"
EndProject
Project("{FAE04EC0-301F-11D3-BF4B-00C04F79EFBC}") = "BGP.Utils.CacheManager.MemoryCache", "..\Backup\BELGIUM\trunk\code\BGP.Web\BGP.Utils.CacheManager.MemoryCache\BGP.Utils.CacheManager.MemoryCache.csproj", "{A5AA1EDA-2D1F-48EA-AD8D-CB1770E704F8}"
EndProject
Project("{FAE04EC0-301F-11D3-BF4B-00C04F79EFBC}") = "BGP.Utils.Common", "..\Backup\BELGIUM\trunk\code\BGP.Web\BGP.Utils.Common\BGP.Utils.Common.csproj", "{7B686C98-A81C-4975-AB74-7C4E5460503A}"
EndProject
Project("{FAE04EC0-301F-11D3-BF4B-00C04F79EFBC}") = "BGP.Utils.Repository", "..\Backup\BELGIUM\trunk\code\BGP.Web\BGP.Utils.Repository\BGP.Utils.Repository.csproj", "{431876FD-EF47-43A6-B112-93223E82E474}"
EndProject
Project("{FAE04EC0-301F-11D3-BF4B-00C04F79EFBC}") = "BGP.Utils.Repository.EntityFramework", "..\Backup\BELGIUM\trunk\code\BGP.Web\BGP.Utils.Repository.EntityFramework\BGP.Utils.Repository.EntityFramework.csproj", "{61C0CCD8-DD0C-47D2-9AA8-1AD24C23B1EA}"
EndProject
Project("{FAE04EC0-301F-11D3-BF4B-00C04F79EFBC}") = "BGP.Utils.Repository.Mongo", "..\Backup\BELGIUM\trunk\code\BGP.Web\BGP.Utils.Repository.Mongo\BGP.Utils.Repository.Mongo.csproj", "{D06DFFB8-18DC-46FC-BE75-29CF83D6C467}"
EndProject
Project("{FAE04EC0-301F-11D3-BF4B-00C04F79EFBC}") = "BGP.Utils.Service", "..\Backup\BELGIUM\trunk\code\BGP.Web\BGP.Utils.Service\BGP.Utils.Service.csproj", "{22118F66-7382-4030-AE25-2834E5B30901}"
EndProject
Project("{FAE04EC0-301F-11D3-BF4B-00C04F79EFBC}") = "BGP.Utils.Service.EntityFramework", "..\Backup\BELGIUM\trunk\code\BGP.Web\BGP.Utils.Service.EntityFramework\BGP.Utils.Service.EntityFramework.csproj", "{A60F4594-4FE9-434F-9F49-C4445D45193A}"
EndProject
Project("{FAE04EC0-301F-11D3-BF4B-00C04F79EFBC}") = "BGP.Utils.Service.Mongo", "..\Backup\BELGIUM\trunk\code\BGP.Web\BGP.Utils.Service.Mongo\BGP.Utils.Service.Mongo.csproj", "{A53124AF-BEA5-48B7-AE1A-852540E99D97}"
EndProject
Project("{FAE04EC0-301F-11D3-BF4B-00C04F79EFBC}") = "88Studio.Bootstrapper", "88Studio.Bootstrapper\88Studio.Bootstrapper.csproj", "{2E68A71A-51C6-457C-B542-ECA5CCFBB940}"
EndProject
Project("{FAE04EC0-301F-11D3-BF4B-00C04F79EFBC}") = "88Studio.Entity", "88Studio.Entity\88Studio.Entity.csproj", "{A1BBC42C-08C0-4CD9-A024-59EBCEDC5DBB}"
EndProject
Project("{FAE04EC0-301F-11D3-BF4B-00C04F79EFBC}") = "88Studio.Enum", "88Studio.Enum\88Studio.Enum.csproj", "{1D2BC0ED-1E8B-4E25-AE9F-B7503534E6CF}"
EndProject
Project("{FAE04EC0-301F-11D3-BF4B-00C04F79EFBC}") = "88Studio.Repository", "88Studio.Repository\88Studio.Repository.csproj", "{3D26A792-1138-468C-99B0-B79C8C64C38C}"
EndProject
Project("{FAE04EC0-301F-11D3-BF4B-00C04F79EFBC}") = "88Studio.Resource", "88Studio.Resource\88Studio.Resource.csproj", "{E6924DFC-A24F-4836-9C6D-32C7E41B6C69}"
EndProject
Project("{FAE04EC0-301F-11D3-BF4B-00C04F79EFBC}") = "88Studio.Dto", "88Studio.Dto\88Studio.Dto.csproj", "{7DCE3161-D16A-42C8-8FE8-F26456D8807D}"
EndProject
Project("{FAE04EC0-301F-11D3-BF4B-00C04F79EFBC}") = "88Studio.Service", "88Studio.Service\88Studio.Service.csproj", "{30C3A90A-2423-4F22-B2F7-F1F388948CFC}"
EndProject
Project("{FAE04EC0-301F-11D3-BF4B-00C04F79EFBC}") = "88Studio.Service.Test", "88Studio.Service.Test\88Studio.Service.Test.csproj", "{CAAE8185-8076-4C6D-9204-AD35980336F8}"
EndProject
Global
	GlobalSection(SolutionConfigurationPlatforms) = preSolution
		Debug|Any CPU = Debug|Any CPU
		Release|Any CPU = Release|Any CPU
	EndGlobalSection
	GlobalSection(ProjectConfigurationPlatforms) = postSolution
		{4AC0A714-EE17-40E5-8F13-B024F328B6D4}.Debug|Any CPU.ActiveCfg = Debug|Any CPU
		{4AC0A714-EE17-40E5-8F13-B024F328B6D4}.Debug|Any CPU.Build.0 = Debug|Any CPU
		{4AC0A714-EE17-40E5-8F13-B024F328B6D4}.Release|Any CPU.ActiveCfg = Release|Any CPU
		{4AC0A714-EE17-40E5-8F13-B024F328B6D4}.Release|Any CPU.Build.0 = Release|Any CPU
		{5FC85296-94E5-4DDA-A352-3AF5A64D4C6F}.Debug|Any CPU.ActiveCfg = Debug|Any CPU
		{5FC85296-94E5-4DDA-A352-3AF5A64D4C6F}.Debug|Any CPU.Build.0 = Debug|Any CPU
		{5FC85296-94E5-4DDA-A352-3AF5A64D4C6F}.Release|Any CPU.ActiveCfg = Release|Any CPU
		{5FC85296-94E5-4DDA-A352-3AF5A64D4C6F}.Release|Any CPU.Build.0 = Release|Any CPU
		{A5AA1EDA-2D1F-48EA-AD8D-CB1770E704F8}.Debug|Any CPU.ActiveCfg = Debug|Any CPU
		{A5AA1EDA-2D1F-48EA-AD8D-CB1770E704F8}.Debug|Any CPU.Build.0 = Debug|Any CPU
		{A5AA1EDA-2D1F-48EA-AD8D-CB1770E704F8}.Release|Any CPU.ActiveCfg = Release|Any CPU
		{A5AA1EDA-2D1F-48EA-AD8D-CB1770E704F8}.Release|Any CPU.Build.0 = Release|Any CPU
		{7B686C98-A81C-4975-AB74-7C4E5460503A}.Debug|Any CPU.ActiveCfg = Debug|Any CPU
		{7B686C98-A81C-4975-AB74-7C4E5460503A}.Debug|Any CPU.Build.0 = Debug|Any CPU
		{7B686C98-A81C-4975-AB74-7C4E5460503A}.Release|Any CPU.ActiveCfg = Release|Any CPU
		{7B686C98-A81C-4975-AB74-7C4E5460503A}.Release|Any CPU.Build.0 = Release|Any CPU
		{431876FD-EF47-43A6-B112-93223E82E474}.Debug|Any CPU.ActiveCfg = Debug|Any CPU
		{431876FD-EF47-43A6-B112-93223E82E474}.Debug|Any CPU.Build.0 = Debug|Any CPU
		{431876FD-EF47-43A6-B112-93223E82E474}.Release|Any CPU.ActiveCfg = Release|Any CPU
		{431876FD-EF47-43A6-B112-93223E82E474}.Release|Any CPU.Build.0 = Release|Any CPU
		{61C0CCD8-DD0C-47D2-9AA8-1AD24C23B1EA}.Debug|Any CPU.ActiveCfg = Debug|Any CPU
		{61C0CCD8-DD0C-47D2-9AA8-1AD24C23B1EA}.Debug|Any CPU.Build.0 = Debug|Any CPU
		{61C0CCD8-DD0C-47D2-9AA8-1AD24C23B1EA}.Release|Any CPU.ActiveCfg = Release|Any CPU
		{61C0CCD8-DD0C-47D2-9AA8-1AD24C23B1EA}.Release|Any CPU.Build.0 = Release|Any CPU
		{D06DFFB8-18DC-46FC-BE75-29CF83D6C467}.Debug|Any CPU.ActiveCfg = Debug|Any CPU
		{D06DFFB8-18DC-46FC-BE75-29CF83D6C467}.Debug|Any CPU.Build.0 = Debug|Any CPU
		{D06DFFB8-18DC-46FC-BE75-29CF83D6C467}.Release|Any CPU.ActiveCfg = Release|Any CPU
		{D06DFFB8-18DC-46FC-BE75-29CF83D6C467}.Release|Any CPU.Build.0 = Release|Any CPU
		{22118F66-7382-4030-AE25-2834E5B30901}.Debug|Any CPU.ActiveCfg = Debug|Any CPU
		{22118F66-7382-4030-AE25-2834E5B30901}.Debug|Any CPU.Build.0 = Debug|Any CPU
		{22118F66-7382-4030-AE25-2834E5B30901}.Release|Any CPU.ActiveCfg = Release|Any CPU
		{22118F66-7382-4030-AE25-2834E5B30901}.Release|Any CPU.Build.0 = Release|Any CPU
		{A60F4594-4FE9-434F-9F49-C4445D45193A}.Debug|Any CPU.ActiveCfg = Debug|Any CPU
		{A60F4594-4FE9-434F-9F49-C4445D45193A}.Debug|Any CPU.Build.0 = Debug|Any CPU
		{A60F4594-4FE9-434F-9F49-C4445D45193A}.Release|Any CPU.ActiveCfg = Release|Any CPU
		{A60F4594-4FE9-434F-9F49-C4445D45193A}.Release|Any CPU.Build.0 = Release|Any CPU
		{A53124AF-BEA5-48B7-AE1A-852540E99D97}.Debug|Any CPU.ActiveCfg = Debug|Any CPU
		{A53124AF-BEA5-48B7-AE1A-852540E99D97}.Debug|Any CPU.Build.0 = Debug|Any CPU
		{A53124AF-BEA5-48B7-AE1A-852540E99D97}.Release|Any CPU.ActiveCfg = Release|Any CPU
		{A53124AF-BEA5-48B7-AE1A-852540E99D97}.Release|Any CPU.Build.0 = Release|Any CPU
		{2E68A71A-51C6-457C-B542-ECA5CCFBB940}.Debug|Any CPU.ActiveCfg = Debug|Any CPU
		{2E68A71A-51C6-457C-B542-ECA5CCFBB940}.Debug|Any CPU.Build.0 = Debug|Any CPU
		{2E68A71A-51C6-457C-B542-ECA5CCFBB940}.Release|Any CPU.ActiveCfg = Release|Any CPU
		{2E68A71A-51C6-457C-B542-ECA5CCFBB940}.Release|Any CPU.Build.0 = Release|Any CPU
		{A1BBC42C-08C0-4CD9-A024-59EBCEDC5DBB}.Debug|Any CPU.ActiveCfg = Debug|Any CPU
		{A1BBC42C-08C0-4CD9-A024-59EBCEDC5DBB}.Debug|Any CPU.Build.0 = Debug|Any CPU
		{A1BBC42C-08C0-4CD9-A024-59EBCEDC5DBB}.Release|Any CPU.ActiveCfg = Release|Any CPU
		{A1BBC42C-08C0-4CD9-A024-59EBCEDC5DBB}.Release|Any CPU.Build.0 = Release|Any CPU
		{1D2BC0ED-1E8B-4E25-AE9F-B7503534E6CF}.Debug|Any CPU.ActiveCfg = Debug|Any CPU
		{1D2BC0ED-1E8B-4E25-AE9F-B7503534E6CF}.Debug|Any CPU.Build.0 = Debug|Any CPU
		{1D2BC0ED-1E8B-4E25-AE9F-B7503534E6CF}.Release|Any CPU.ActiveCfg = Release|Any CPU
		{1D2BC0ED-1E8B-4E25-AE9F-B7503534E6CF}.Release|Any CPU.Build.0 = Release|Any CPU
		{3D26A792-1138-468C-99B0-B79C8C64C38C}.Debug|Any CPU.ActiveCfg = Debug|Any CPU
		{3D26A792-1138-468C-99B0-B79C8C64C38C}.Debug|Any CPU.Build.0 = Debug|Any CPU
		{3D26A792-1138-468C-99B0-B79C8C64C38C}.Release|Any CPU.ActiveCfg = Release|Any CPU
		{3D26A792-1138-468C-99B0-B79C8C64C38C}.Release|Any CPU.Build.0 = Release|Any CPU
		{E6924DFC-A24F-4836-9C6D-32C7E41B6C69}.Debug|Any CPU.ActiveCfg = Debug|Any CPU
		{E6924DFC-A24F-4836-9C6D-32C7E41B6C69}.Debug|Any CPU.Build.0 = Debug|Any CPU
		{E6924DFC-A24F-4836-9C6D-32C7E41B6C69}.Release|Any CPU.ActiveCfg = Release|Any CPU
		{E6924DFC-A24F-4836-9C6D-32C7E41B6C69}.Release|Any CPU.Build.0 = Release|Any CPU
		{7DCE3161-D16A-42C8-8FE8-F26456D8807D}.Debug|Any CPU.ActiveCfg = Debug|Any CPU
		{7DCE3161-D16A-42C8-8FE8-F26456D8807D}.Debug|Any CPU.Build.0 = Debug|Any CPU
		{7DCE3161-D16A-42C8-8FE8-F26456D8807D}.Release|Any CPU.ActiveCfg = Release|Any CPU
		{7DCE3161-D16A-42C8-8FE8-F26456D8807D}.Release|Any CPU.Build.0 = Release|Any CPU
		{30C3A90A-2423-4F22-B2F7-F1F388948CFC}.Debug|Any CPU.ActiveCfg = Debug|Any CPU
		{30C3A90A-2423-4F22-B2F7-F1F388948CFC}.Debug|Any CPU.Build.0 = Debug|Any CPU
		{30C3A90A-2423-4F22-B2F7-F1F388948CFC}.Release|Any CPU.ActiveCfg = Release|Any CPU
		{30C3A90A-2423-4F22-B2F7-F1F388948CFC}.Release|Any CPU.Build.0 = Release|Any CPU
		{CAAE8185-8076-4C6D-9204-AD35980336F8}.Debug|Any CPU.ActiveCfg = Debug|Any CPU
		{CAAE8185-8076-4C6D-9204-AD35980336F8}.Debug|Any CPU.Build.0 = Debug|Any CPU
		{CAAE8185-8076-4C6D-9204-AD35980336F8}.Release|Any CPU.ActiveCfg = Release|Any CPU
		{CAAE8185-8076-4C6D-9204-AD35980336F8}.Release|Any CPU.Build.0 = Release|Any CPU
	EndGlobalSection
	GlobalSection(SolutionProperties) = preSolution
		HideSolutionNode = FALSE
	EndGlobalSection
	GlobalSection(NestedProjects) = preSolution
		{5FC85296-94E5-4DDA-A352-3AF5A64D4C6F} = {207260C0-FB27-47E6-8359-582585789FBA}
		{A5AA1EDA-2D1F-48EA-AD8D-CB1770E704F8} = {207260C0-FB27-47E6-8359-582585789FBA}
		{7B686C98-A81C-4975-AB74-7C4E5460503A} = {207260C0-FB27-47E6-8359-582585789FBA}
		{431876FD-EF47-43A6-B112-93223E82E474} = {207260C0-FB27-47E6-8359-582585789FBA}
		{61C0CCD8-DD0C-47D2-9AA8-1AD24C23B1EA} = {207260C0-FB27-47E6-8359-582585789FBA}
		{D06DFFB8-18DC-46FC-BE75-29CF83D6C467} = {207260C0-FB27-47E6-8359-582585789FBA}
		{22118F66-7382-4030-AE25-2834E5B30901} = {207260C0-FB27-47E6-8359-582585789FBA}
		{A60F4594-4FE9-434F-9F49-C4445D45193A} = {207260C0-FB27-47E6-8359-582585789FBA}
		{A53124AF-BEA5-48B7-AE1A-852540E99D97} = {207260C0-FB27-47E6-8359-582585789FBA}
		{2E68A71A-51C6-457C-B542-ECA5CCFBB940} = {B67A56F4-70A8-4547-AF50-2A8AFF6EC566}
		{A1BBC42C-08C0-4CD9-A024-59EBCEDC5DBB} = {23B89A60-748B-4D25-8B1B-D3586A0407A6}
		{1D2BC0ED-1E8B-4E25-AE9F-B7503534E6CF} = {23B89A60-748B-4D25-8B1B-D3586A0407A6}
		{3D26A792-1138-468C-99B0-B79C8C64C38C} = {23B89A60-748B-4D25-8B1B-D3586A0407A6}
		{E6924DFC-A24F-4836-9C6D-32C7E41B6C69} = {23B89A60-748B-4D25-8B1B-D3586A0407A6}
		{7DCE3161-D16A-42C8-8FE8-F26456D8807D} = {46C64643-F609-444F-A6A5-BFF75D9DE29F}
		{30C3A90A-2423-4F22-B2F7-F1F388948CFC} = {46C64643-F609-444F-A6A5-BFF75D9DE29F}
		{CAAE8185-8076-4C6D-9204-AD35980336F8} = {46C64643-F609-444F-A6A5-BFF75D9DE29F}
	EndGlobalSection
EndGlobal
